{
  "name": "schedulr",
  "lockfileVersion": 2,
  "requires": true,
  "packages": {
    "": {
      "dependencies": {
        "@fullcalendar/list": "^5.11.3",
        "@fullcalendar/timegrid": "^5.11.3"
      }
    },
    "node_modules/@fullcalendar/common": {
      "version": "5.11.3",
      "resolved": "https://registry.npmjs.org/@fullcalendar/common/-/common-5.11.3.tgz",
      "integrity": "sha512-welVwyfQOXQQGfDwBMSfYEPbiO1cPfUD+C7jd3ZoweJR+dSO11ddFugxIQ7dGfABAGZ63oq/+LW9FsmAJezVNg==",
      "dependencies": {
        "tslib": "^2.1.0"
      }
    },
    "node_modules/@fullcalendar/daygrid": {
      "version": "5.11.3",
      "resolved": "https://registry.npmjs.org/@fullcalendar/daygrid/-/daygrid-5.11.3.tgz",
      "integrity": "sha512-PCK0y80DRNCzWuC5lGpIWqCgKDvql1ah7rXql5lu+Gn2EeFj15ZQ8diMFjtNIQucEmFaNOXnR05Pgcry1n6Shg==",
      "dependencies": {
        "@fullcalendar/common": "~5.11.3",
        "tslib": "^2.1.0"
      }
    },
    "node_modules/@fullcalendar/list": {
      "version": "5.11.3",
      "resolved": "https://registry.npmjs.org/@fullcalendar/list/-/list-5.11.3.tgz",
      "integrity": "sha512-6m9rJPzB5XfJZg+MlgVpha1cI3NUDeyV3GOmojJWZuti05NfDP4f0lzFUul8W7m1DQcjGS2UPRNE8HouA3guEA==",
      "dependencies": {
        "@fullcalendar/common": "~5.11.3",
        "tslib": "^2.1.0"
      }
    },
    "node_modules/@fullcalendar/timegrid": {
      "version": "5.11.3",
      "resolved": "https://registry.npmjs.org/@fullcalendar/timegrid/-/timegrid-5.11.3.tgz",
      "integrity": "sha512-SjIj2ZQ7nTyL1RxZkCPvNbuUQ0xHT+gfYJdUL3FT4bPjPJCxWtQ2CL8hxaeNmVozYYuy0yrGTW5Oup2+9IplbA==",
      "dependencies": {
        "@fullcalendar/common": "~5.11.3",
        "@fullcalendar/daygrid": "~5.11.3",
        "tslib": "^2.1.0"
      }
    },
    "node_modules/tslib": {
      "version": "2.4.1",
      "resolved": "https://registry.npmjs.org/tslib/-/tslib-2.4.1.tgz",
      "integrity": "sha512-tGyy4dAjRIEwI7BzsB0lynWgOpfqjUdq91XXAlIWD2OwKBH7oCl/GZG/HT4BOHrTlPMOASlMQ7veyTqpmRcrNA=="
    }
  },
  "dependencies": {
    "@fullcalendar/common": {
      "version": "5.11.3",
      "resolved": "https://registry.npmjs.org/@fullcalendar/common/-/common-5.11.3.tgz",
      "integrity": "sha512-welVwyfQOXQQGfDwBMSfYEPbiO1cPfUD+C7jd3ZoweJR+dSO11ddFugxIQ7dGfABAGZ63oq/+LW9FsmAJezVNg==",
      "requires": {
        "tslib": "^2.1.0"
      }
    },
    "@fullcalendar/daygrid": {
      "version": "5.11.3",
      "resolved": "https://registry.npmjs.org/@fullcalendar/daygrid/-/daygrid-5.11.3.tgz",
      "integrity": "sha512-PCK0y80DRNCzWuC5lGpIWqCgKDvql1ah7rXql5lu+Gn2EeFj15ZQ8diMFjtNIQucEmFaNOXnR05Pgcry1n6Shg==",
      "requires": {
        "@fullcalendar/common": "~5.11.3",
        "tslib": "^2.1.0"
      }
    },
    "@fullcalendar/list": {
      "version": "5.11.3",
      "resolved": "https://registry.npmjs.org/@fullcalendar/list/-/list-5.11.3.tgz",
      "integrity": "sha512-6m9rJPzB5XfJZg+MlgVpha1cI3NUDeyV3GOmojJWZuti05NfDP4f0lzFUul8W7m1DQcjGS2UPRNE8HouA3guEA==",
      "requires": {
        "@fullcalendar/common": "~5.11.3",
        "tslib": "^2.1.0"
      }
    },
    "@fullcalendar/timegrid": {
      "version": "5.11.3",
      "resolved": "https://registry.npmjs.org/@fullcalendar/timegrid/-/timegrid-5.11.3.tgz",
      "integrity": "sha512-SjIj2ZQ7nTyL1RxZkCPvNbuUQ0xHT+gfYJdUL3FT4bPjPJCxWtQ2CL8hxaeNmVozYYuy0yrGTW5Oup2+9IplbA==",
      "requires": {
        "@fullcalendar/common": "~5.11.3",
        "@fullcalendar/daygrid": "~5.11.3",
        "tslib": "^2.1.0"
      }
    },
    "tslib": {
      "version": "2.4.1",
      "resolved": "https://registry.npmjs.org/tslib/-/tslib-2.4.1.tgz",
      "integrity": "sha512-tGyy4dAjRIEwI7BzsB0lynWgOpfqjUdq91XXAlIWD2OwKBH7oCl/GZG/HT4BOHrTlPMOASlMQ7veyTqpmRcrNA=="
    }
  }
}
